
Microsoft Visual Studio Solution File, Format Version 12.00
# Visual Studio 14
VisualStudioVersion = 14.0.25420.1
MinimumVisualStudioVersion = 10.0.40219.1
Project("{FAE04EC0-301F-11D3-BF4B-00C04F79EFBC}") = "HMDissection", "HMDissection.csproj", "{5E782404-F6C3-41C0-9B55-B10DB1145145}"
EndProject
Global
	GlobalSection(SolutionConfigurationPlatforms) = preSolution
		Debug|Any CPU = Debug|Any CPU
		Release|Any CPU = Release|Any CPU
	EndGlobalSection
	GlobalSection(ProjectConfigurationPlatforms) = postSolution
		{5E782404-F6C3-41C0-9B55-B10DB1145145}.Debug|Any CPU.ActiveCfg = Debug|Any CPU
		{5E782404-F6C3-41C0-9B55-B10DB1145145}.Debug|Any CPU.Build.0 = Debug|Any CPU
		{5E782404-F6C3-41C0-9B55-B10DB1145145}.Release|Any CPU.ActiveCfg = Release|Any CPU
		{5E782404-F6C3-41C0-9B55-B10DB1145145}.Release|Any CPU.Build.0 = Release|Any CPU
	EndGlobalSection
	GlobalSection(SolutionProperties) = preSolution
		HideSolutionNode = FALSE
	EndGlobalSection
EndGlobal
